
Microsoft Visual Studio Solution File, Format Version 12.00
# Visual Studio Version 16
VisualStudioVersion = 16.0.28711.60
MinimumVisualStudioVersion = 10.0.40219.1
Project("{888888A0-9F3D-457C-B088-3A5042F75D52}") = "PythonConsoleApp-GettingStarted", "PythonConsoleApp-GettingStarted.pyproj", "{5D8B2192-CE37-4EAE-B630-232F95F4870D}"
EndProject
Global
	GlobalSection(SolutionConfigurationPlatforms) = preSolution
		Debug|Any CPU = Debug|Any CPU
		Release|Any CPU = Release|Any CPU
	EndGlobalSection
	GlobalSection(ProjectConfigurationPlatforms) = postSolution
		{5D8B2192-CE37-4EAE-B630-232F95F4870D}.Debug|Any CPU.ActiveCfg = Debug|Any CPU
		{5D8B2192-CE37-4EAE-B630-232F95F4870D}.Release|Any CPU.ActiveCfg = Release|Any CPU
	EndGlobalSection
	GlobalSection(SolutionProperties) = preSolution
		HideSolutionNode = FALSE
	EndGlobalSection
	GlobalSection(ExtensibilityGlobals) = postSolution
		SolutionGuid = {5741ED53-3EA5-49A3-99DF-C3BE4B683533}
	EndGlobalSection
EndGlobal
